
Microsoft Visual Studio Solution File, Format Version 12.00
# Visual Studio Version 16
VisualStudioVersion = 16.0.32407.337
MinimumVisualStudioVersion = 10.0.40219.1
Project("{8BC9CEB8-8B4A-11D0-8D11-00A0C91BC942}") = "internship1_3Test", "internship1_3Test\internship1_3Test.vcxproj", "{D3425E26-5A87-4CAA-878A-BC068F22C8BC}"
EndProject
Project("{8BC9CEB8-8B4A-11D0-8D11-00A0C91BC942}") = "internship1_3", "internship1_3\internship1_3.vcxproj", "{EC12CA36-2EAD-4D68-9F61-0AE826139AA9}"
EndProject
Global
	GlobalSection(SolutionConfigurationPlatforms) = preSolution
		Debug|x64 = Debug|x64
		Debug|x86 = Debug|x86
		Release|x64 = Release|x64
		Release|x86 = Release|x86
	EndGlobalSection
	GlobalSection(ProjectConfigurationPlatforms) = postSolution
		{D3425E26-5A87-4CAA-878A-BC068F22C8BC}.Debug|x64.ActiveCfg = Debug|x64
		{D3425E26-5A87-4CAA-878A-BC068F22C8BC}.Debug|x64.Build.0 = Debug|x64
		{D3425E26-5A87-4CAA-878A-BC068F22C8BC}.Debug|x86.ActiveCfg = Debug|Win32
		{D3425E26-5A87-4CAA-878A-BC068F22C8BC}.Debug|x86.Build.0 = Debug|Win32
		{D3425E26-5A87-4CAA-878A-BC068F22C8BC}.Release|x64.ActiveCfg = Release|x64
		{D3425E26-5A87-4CAA-878A-BC068F22C8BC}.Release|x64.Build.0 = Release|x64
		{D3425E26-5A87-4CAA-878A-BC068F22C8BC}.Release|x86.ActiveCfg = Release|Win32
		{D3425E26-5A87-4CAA-878A-BC068F22C8BC}.Release|x86.Build.0 = Release|Win32
		{EC12CA36-2EAD-4D68-9F61-0AE826139AA9}.Debug|x64.ActiveCfg = Debug|x64
		{EC12CA36-2EAD-4D68-9F61-0AE826139AA9}.Debug|x64.Build.0 = Debug|x64
		{EC12CA36-2EAD-4D68-9F61-0AE826139AA9}.Debug|x86.ActiveCfg = Debug|Win32
		{EC12CA36-2EAD-4D68-9F61-0AE826139AA9}.Debug|x86.Build.0 = Debug|Win32
		{EC12CA36-2EAD-4D68-9F61-0AE826139AA9}.Release|x64.ActiveCfg = Release|x64
		{EC12CA36-2EAD-4D68-9F61-0AE826139AA9}.Release|x64.Build.0 = Release|x64
		{EC12CA36-2EAD-4D68-9F61-0AE826139AA9}.Release|x86.ActiveCfg = Release|Win32
		{EC12CA36-2EAD-4D68-9F61-0AE826139AA9}.Release|x86.Build.0 = Release|Win32
	EndGlobalSection
	GlobalSection(SolutionProperties) = preSolution
		HideSolutionNode = FALSE
	EndGlobalSection
	GlobalSection(ExtensibilityGlobals) = postSolution
		SolutionGuid = {A2986DDD-C958-47EB-8AC2-91B84D31CA7F}
	EndGlobalSection
EndGlobal
